
Microsoft Visual Studio Solution File, Format Version 12.00
# Visual Studio Version 17
VisualStudioVersion = 17.0.32014.148
MinimumVisualStudioVersion = 10.0.40219.1
Project("{FAE04EC0-301F-11D3-BF4B-00C04F79EFBC}") = "DapperDemo", "DapperDemo\DapperDemo.csproj", "{950B4E21-65B5-48DC-B068-D9D2951C5ED1}"
EndProject
Global
	GlobalSection(SolutionConfigurationPlatforms) = preSolution
		Debug|Any CPU = Debug|Any CPU
		Release|Any CPU = Release|Any CPU
	EndGlobalSection
	GlobalSection(ProjectConfigurationPlatforms) = postSolution
		{950B4E21-65B5-48DC-B068-D9D2951C5ED1}.Debug|Any CPU.ActiveCfg = Debug|Any CPU
		{950B4E21-65B5-48DC-B068-D9D2951C5ED1}.Debug|Any CPU.Build.0 = Debug|Any CPU
		{950B4E21-65B5-48DC-B068-D9D2951C5ED1}.Release|Any CPU.ActiveCfg = Release|Any CPU
		{950B4E21-65B5-48DC-B068-D9D2951C5ED1}.Release|Any CPU.Build.0 = Release|Any CPU
	EndGlobalSection
	GlobalSection(SolutionProperties) = preSolution
		HideSolutionNode = FALSE
	EndGlobalSection
	GlobalSection(ExtensibilityGlobals) = postSolution
		SolutionGuid = {8BD36332-6C77-4AFD-984A-D5ADC63A0ABB}
	EndGlobalSection
EndGlobal
